
Microsoft Visual Studio Solution File, Format Version 12.00
# Visual Studio 15
VisualStudioVersion = 15.0.26124.0
MinimumVisualStudioVersion = 15.0.26124.0
Project("{9A19103F-16F7-4668-BE54-9A1E7A4F7556}") = "carwings.net", "carwings.net\carwings.net.csproj", "{CE1383D7-29E1-4F37-9FF8-46F02709A9F6}"
EndProject
Project("{9A19103F-16F7-4668-BE54-9A1E7A4F7556}") = "Tests", "Tests\Tests.csproj", "{C2661F02-202D-47CF-A8E8-B5284D990E9E}"
EndProject
Global
	GlobalSection(SolutionConfigurationPlatforms) = preSolution
		Debug|Any CPU = Debug|Any CPU
		Debug|x64 = Debug|x64
		Debug|x86 = Debug|x86
		Release|Any CPU = Release|Any CPU
		Release|x64 = Release|x64
		Release|x86 = Release|x86
	EndGlobalSection
	GlobalSection(ProjectConfigurationPlatforms) = postSolution
		{CE1383D7-29E1-4F37-9FF8-46F02709A9F6}.Debug|Any CPU.ActiveCfg = Debug|Any CPU
		{CE1383D7-29E1-4F37-9FF8-46F02709A9F6}.Debug|Any CPU.Build.0 = Debug|Any CPU
		{CE1383D7-29E1-4F37-9FF8-46F02709A9F6}.Debug|x64.ActiveCfg = Debug|Any CPU
		{CE1383D7-29E1-4F37-9FF8-46F02709A9F6}.Debug|x64.Build.0 = Debug|Any CPU
		{CE1383D7-29E1-4F37-9FF8-46F02709A9F6}.Debug|x86.ActiveCfg = Debug|Any CPU
		{CE1383D7-29E1-4F37-9FF8-46F02709A9F6}.Debug|x86.Build.0 = Debug|Any CPU
		{CE1383D7-29E1-4F37-9FF8-46F02709A9F6}.Release|Any CPU.ActiveCfg = Release|Any CPU
		{CE1383D7-29E1-4F37-9FF8-46F02709A9F6}.Release|Any CPU.Build.0 = Release|Any CPU
		{CE1383D7-29E1-4F37-9FF8-46F02709A9F6}.Release|x64.ActiveCfg = Release|Any CPU
		{CE1383D7-29E1-4F37-9FF8-46F02709A9F6}.Release|x64.Build.0 = Release|Any CPU
		{CE1383D7-29E1-4F37-9FF8-46F02709A9F6}.Release|x86.ActiveCfg = Release|Any CPU
		{CE1383D7-29E1-4F37-9FF8-46F02709A9F6}.Release|x86.Build.0 = Release|Any CPU
		{C2661F02-202D-47CF-A8E8-B5284D990E9E}.Debug|Any CPU.ActiveCfg = Debug|Any CPU
		{C2661F02-202D-47CF-A8E8-B5284D990E9E}.Debug|Any CPU.Build.0 = Debug|Any CPU
		{C2661F02-202D-47CF-A8E8-B5284D990E9E}.Debug|x64.ActiveCfg = Debug|Any CPU
		{C2661F02-202D-47CF-A8E8-B5284D990E9E}.Debug|x64.Build.0 = Debug|Any CPU
		{C2661F02-202D-47CF-A8E8-B5284D990E9E}.Debug|x86.ActiveCfg = Debug|Any CPU
		{C2661F02-202D-47CF-A8E8-B5284D990E9E}.Debug|x86.Build.0 = Debug|Any CPU
		{C2661F02-202D-47CF-A8E8-B5284D990E9E}.Release|Any CPU.ActiveCfg = Release|Any CPU
		{C2661F02-202D-47CF-A8E8-B5284D990E9E}.Release|Any CPU.Build.0 = Release|Any CPU
		{C2661F02-202D-47CF-A8E8-B5284D990E9E}.Release|x64.ActiveCfg = Release|Any CPU
		{C2661F02-202D-47CF-A8E8-B5284D990E9E}.Release|x64.Build.0 = Release|Any CPU
		{C2661F02-202D-47CF-A8E8-B5284D990E9E}.Release|x86.ActiveCfg = Release|Any CPU
		{C2661F02-202D-47CF-A8E8-B5284D990E9E}.Release|x86.Build.0 = Release|Any CPU
	EndGlobalSection
	GlobalSection(SolutionProperties) = preSolution
		HideSolutionNode = FALSE
	EndGlobalSection
	GlobalSection(ExtensibilityGlobals) = postSolution
		SolutionGuid = {BE797B6A-6AD4-4D30-B742-67C40FF73403}
	EndGlobalSection
EndGlobal
