
Microsoft Visual Studio Solution File, Format Version 12.00
# Visual Studio 14
VisualStudioVersion = 14.0.25420.1
MinimumVisualStudioVersion = 10.0.40219.1
Project("{FAE04EC0-301F-11D3-BF4B-00C04F79EFBC}") = "carwings.net", "carwings.net\carwings.net.csproj", "{6C9573D5-F8FC-46FD-AE35-DA1D7184B43C}"
EndProject
Project("{FAE04EC0-301F-11D3-BF4B-00C04F79EFBC}") = "Tests", "Tests\Tests.csproj", "{16F83EC4-9537-4949-B895-EE7315CBD7E8}"
EndProject
Project("{FAE04EC0-301F-11D3-BF4B-00C04F79EFBC}") = "carwings.net.login.bouncycastle", "carwings.net.login.bouncycastle\carwings.net.login.bouncycastle.csproj", "{38AB21A2-41E7-4AA9-AF8B-FD8982217102}"
EndProject
Global
	GlobalSection(SolutionConfigurationPlatforms) = preSolution
		Debug|Any CPU = Debug|Any CPU
		Release|Any CPU = Release|Any CPU
	EndGlobalSection
	GlobalSection(ProjectConfigurationPlatforms) = postSolution
		{6C9573D5-F8FC-46FD-AE35-DA1D7184B43C}.Debug|Any CPU.ActiveCfg = Debug|Any CPU
		{6C9573D5-F8FC-46FD-AE35-DA1D7184B43C}.Debug|Any CPU.Build.0 = Debug|Any CPU
		{6C9573D5-F8FC-46FD-AE35-DA1D7184B43C}.Release|Any CPU.ActiveCfg = Release|Any CPU
		{6C9573D5-F8FC-46FD-AE35-DA1D7184B43C}.Release|Any CPU.Build.0 = Release|Any CPU
		{16F83EC4-9537-4949-B895-EE7315CBD7E8}.Debug|Any CPU.ActiveCfg = Debug|Any CPU
		{16F83EC4-9537-4949-B895-EE7315CBD7E8}.Debug|Any CPU.Build.0 = Debug|Any CPU
		{16F83EC4-9537-4949-B895-EE7315CBD7E8}.Release|Any CPU.ActiveCfg = Release|Any CPU
		{16F83EC4-9537-4949-B895-EE7315CBD7E8}.Release|Any CPU.Build.0 = Release|Any CPU
		{38AB21A2-41E7-4AA9-AF8B-FD8982217102}.Debug|Any CPU.ActiveCfg = Debug|Any CPU
		{38AB21A2-41E7-4AA9-AF8B-FD8982217102}.Debug|Any CPU.Build.0 = Debug|Any CPU
		{38AB21A2-41E7-4AA9-AF8B-FD8982217102}.Release|Any CPU.ActiveCfg = Release|Any CPU
		{38AB21A2-41E7-4AA9-AF8B-FD8982217102}.Release|Any CPU.Build.0 = Release|Any CPU
	EndGlobalSection
	GlobalSection(SolutionProperties) = preSolution
		HideSolutionNode = FALSE
	EndGlobalSection
EndGlobal
